// !$*UTF8*$!
{
	archiveVersion = 1;
	classes = {
	};
	objectVersion = 50;
	objects = {

/* Begin PBXBuildFile section */
		C9BC1F2D2397774B0097E78F /* AppDelegate.swift in Sources */ = {isa = PBXBuildFile; fileRef = C9BC1F2C2397774B0097E78F /* AppDelegate.swift */; };
		C9BC1F2F2397774B0097E78F /* SceneDelegate.swift in Sources */ = {isa = PBXBuildFile; fileRef = C9BC1F2E2397774B0097E78F /* SceneDelegate.swift */; };
		C9BC1F33239777510097E78F /* Assets.xcassets in Resources */ = {isa = PBXBuildFile; fileRef = C9BC1F32239777510097E78F /* Assets.xcassets */; };
		C9BC1F36239777510097E78F /* Preview Assets.xcassets in Resources */ = {isa = PBXBuildFile; fileRef = C9BC1F35239777510097E78F /* Preview Assets.xcassets */; };
		C9BC1F44239777510097E78F /* LandmarksTests.swift in Sources */ = {isa = PBXBuildFile; fileRef = C9BC1F43239777510097E78F /* LandmarksTests.swift */; };
		C9BC1F4F239777510097E78F /* LandmarksUITests.swift in Sources */ = {isa = PBXBuildFile; fileRef = C9BC1F4E239777510097E78F /* LandmarksUITests.swift */; };
		C9BC1F61239781C30097E78F /* Landmark.swift in Sources */ = {isa = PBXBuildFile; fileRef = C9BC1F60239781C30097E78F /* Landmark.swift */; };
		C9BC1F662397831B0097E78F /* LandmarkDetail.swift in Sources */ = {isa = PBXBuildFile; fileRef = C9BC1F652397831B0097E78F /* LandmarkDetail.swift */; };
		C9BC1F6B239787B40097E78F /* Data.swift in Sources */ = {isa = PBXBuildFile; fileRef = C9BC1F6A239787B40097E78F /* Data.swift */; };
		C9BC1F72239789B80097E78F /* LandmarkRow.swift in Sources */ = {isa = PBXBuildFile; fileRef = C9BC1F6F239789B70097E78F /* LandmarkRow.swift */; };
		C9BC1F73239789B80097E78F /* MapView.swift in Sources */ = {isa = PBXBuildFile; fileRef = C9BC1F70239789B80097E78F /* MapView.swift */; };
		C9BC1F74239789B80097E78F /* CircleImage.swift in Sources */ = {isa = PBXBuildFile; fileRef = C9BC1F71239789B80097E78F /* CircleImage.swift */; };
		C9BC1F82239789D30097E78F /* rainbowlake.jpg in Resources */ = {isa = PBXBuildFile; fileRef = C9BC1F75239789D20097E78F /* rainbowlake.jpg */; };
		C9BC1F83239789D30097E78F /* chilkoottrail.jpg in Resources */ = {isa = PBXBuildFile; fileRef = C9BC1F76239789D20097E78F /* chilkoottrail.jpg */; };
		C9BC1F84239789D30097E78F /* lakemcdonald.jpg in Resources */ = {isa = PBXBuildFile; fileRef = C9BC1F77239789D20097E78F /* lakemcdonald.jpg */; };
		C9BC1F85239789D30097E78F /* twinlake.jpg in Resources */ = {isa = PBXBuildFile; fileRef = C9BC1F78239789D20097E78F /* twinlake.jpg */; };
		C9BC1F86239789D30097E78F /* chincoteague.jpg in Resources */ = {isa = PBXBuildFile; fileRef = C9BC1F79239789D20097E78F /* chincoteague.jpg */; };
		C9BC1F87239789D30097E78F /* turtlerock.jpg in Resources */ = {isa = PBXBuildFile; fileRef = C9BC1F7A239789D20097E78F /* turtlerock.jpg */; };
		C9BC1F88239789D30097E78F /* stmarylake.jpg in Resources */ = {isa = PBXBuildFile; fileRef = C9BC1F7B239789D20097E78F /* stmarylake.jpg */; };
		C9BC1F89239789D30097E78F /* hiddenlake.jpg in Resources */ = {isa = PBXBuildFile; fileRef = C9BC1F7C239789D20097E78F /* hiddenlake.jpg */; };
		C9BC1F8A239789D30097E78F /* icybay.jpg in Resources */ = {isa = PBXBuildFile; fileRef = C9BC1F7D239789D20097E78F /* icybay.jpg */; };
		C9BC1F8B239789D30097E78F /* silversalmoncreek.jpg in Resources */ = {isa = PBXBuildFile; fileRef = C9BC1F7E239789D20097E78F /* silversalmoncreek.jpg */; };
		C9BC1F8C239789D30097E78F /* umbagog.jpg in Resources */ = {isa = PBXBuildFile; fileRef = C9BC1F7F239789D20097E78F /* umbagog.jpg */; };
		C9BC1F8D239789D30097E78F /* landmarkData.json in Resources */ = {isa = PBXBuildFile; fileRef = C9BC1F80239789D20097E78F /* landmarkData.json */; };
		C9BC1F8E239789D30097E78F /* yukon_charleyrivers.jpg in Resources */ = {isa = PBXBuildFile; fileRef = C9BC1F81239789D20097E78F /* yukon_charleyrivers.jpg */; };
		C9BC1F9023978A3D0097E78F /* LandmarkList.swift in Sources */ = {isa = PBXBuildFile; fileRef = C9BC1F8F23978A3D0097E78F /* LandmarkList.swift */; };
/* End PBXBuildFile section */

/* Begin PBXContainerItemProxy section */
		C9BC1F40239777510097E78F /* PBXContainerItemProxy */ = {
			isa = PBXContainerItemProxy;
			containerPortal = C9BC1F212397774B0097E78F /* Project object */;
			proxyType = 1;
			remoteGlobalIDString = C9BC1F282397774B0097E78F;
			remoteInfo = Landmarks;
		};
		C9BC1F4B239777510097E78F /* PBXContainerItemProxy */ = {
			isa = PBXContainerItemProxy;
			containerPortal = C9BC1F212397774B0097E78F /* Project object */;
			proxyType = 1;
			remoteGlobalIDString = C9BC1F282397774B0097E78F;
			remoteInfo = Landmarks;
		};
/* End PBXContainerItemProxy section */

/* Begin PBXFileReference section */
		C9BC1F292397774B0097E78F /* Landmarks.app */ = {isa = PBXFileReference; explicitFileType = wrapper.application; includeInIndex = 0; path = Landmarks.app; sourceTree = BUILT_PRODUCTS_DIR; };
		C9BC1F2C2397774B0097E78F /* AppDelegate.swift */ = {isa = PBXFileReference; lastKnownFileType = sourcecode.swift; path = AppDelegate.swift; sourceTree = "<group>"; };
		C9BC1F2E2397774B0097E78F /* SceneDelegate.swift */ = {isa = PBXFileReference; lastKnownFileType = sourcecode.swift; path = SceneDelegate.swift; sourceTree = "<group>"; };
		C9BC1F32239777510097E78F /* Assets.xcassets */ = {isa = PBXFileReference; lastKnownFileType = folder.assetcatalog; path = Assets.xcassets; sourceTree = "<group>"; };
		C9BC1F35239777510097E78F /* Preview Assets.xcassets */ = {isa = PBXFileReference; lastKnownFileType = folder.assetcatalog; path = "Preview Assets.xcassets"; sourceTree = "<group>"; };
		C9BC1F3A239777510097E78F /* Info.plist */ = {isa = PBXFileReference; lastKnownFileType = text.plist.xml; path = Info.plist; sourceTree = "<group>"; };
		C9BC1F3F239777510097E78F /* LandmarksTests.xctest */ = {isa = PBXFileReference; explicitFileType = wrapper.cfbundle; includeInIndex = 0; path = LandmarksTests.xctest; sourceTree = BUILT_PRODUCTS_DIR; };
		C9BC1F43239777510097E78F /* LandmarksTests.swift */ = {isa = PBXFileReference; lastKnownFileType = sourcecode.swift; path = LandmarksTests.swift; sourceTree = "<group>"; };
		C9BC1F45239777510097E78F /* Info.plist */ = {isa = PBXFileReference; lastKnownFileType = text.plist.xml; path = Info.plist; sourceTree = "<group>"; };
		C9BC1F4A239777510097E78F /* LandmarksUITests.xctest */ = {isa = PBXFileReference; explicitFileType = wrapper.cfbundle; includeInIndex = 0; path = LandmarksUITests.xctest; sourceTree = BUILT_PRODUCTS_DIR; };
		C9BC1F4E239777510097E78F /* LandmarksUITests.swift */ = {isa = PBXFileReference; lastKnownFileType = sourcecode.swift; path = LandmarksUITests.swift; sourceTree = "<group>"; };
		C9BC1F50239777510097E78F /* Info.plist */ = {isa = PBXFileReference; lastKnownFileType = text.plist.xml; path = Info.plist; sourceTree = "<group>"; };
		C9BC1F60239781C30097E78F /* Landmark.swift */ = {isa = PBXFileReference; lastKnownFileType = sourcecode.swift; path = Landmark.swift; sourceTree = "<group>"; };
		C9BC1F652397831B0097E78F /* LandmarkDetail.swift */ = {isa = PBXFileReference; lastKnownFileType = sourcecode.swift; path = LandmarkDetail.swift; sourceTree = "<group>"; };
		C9BC1F6A239787B40097E78F /* Data.swift */ = {isa = PBXFileReference; lastKnownFileType = sourcecode.swift; path = Data.swift; sourceTree = "<group>"; };
		C9BC1F6F239789B70097E78F /* LandmarkRow.swift */ = {isa = PBXFileReference; fileEncoding = 4; lastKnownFileType = sourcecode.swift; path = LandmarkRow.swift; sourceTree = "<group>"; };
		C9BC1F70239789B80097E78F /* MapView.swift */ = {isa = PBXFileReference; fileEncoding = 4; lastKnownFileType = sourcecode.swift; path = MapView.swift; sourceTree = "<group>"; };
		C9BC1F71239789B80097E78F /* CircleImage.swift */ = {isa = PBXFileReference; fileEncoding = 4; lastKnownFileType = sourcecode.swift; path = CircleImage.swift; sourceTree = "<group>"; };
		C9BC1F75239789D20097E78F /* rainbowlake.jpg */ = {isa = PBXFileReference; lastKnownFileType = image.jpeg; path = rainbowlake.jpg; sourceTree = "<group>"; };
		C9BC1F76239789D20097E78F /* chilkoottrail.jpg */ = {isa = PBXFileReference; lastKnownFileType = image.jpeg; path = chilkoottrail.jpg; sourceTree = "<group>"; };
		C9BC1F77239789D20097E78F /* lakemcdonald.jpg */ = {isa = PBXFileReference; lastKnownFileType = image.jpeg; path = lakemcdonald.jpg; sourceTree = "<group>"; };
		C9BC1F78239789D20097E78F /* twinlake.jpg */ = {isa = PBXFileReference; lastKnownFileType = image.jpeg; path = twinlake.jpg; sourceTree = "<group>"; };
		C9BC1F79239789D20097E78F /* chincoteague.jpg */ = {isa = PBXFileReference; lastKnownFileType = image.jpeg; path = chincoteague.jpg; sourceTree = "<group>"; };
		C9BC1F7A239789D20097E78F /* turtlerock.jpg */ = {isa = PBXFileReference; lastKnownFileType = image.jpeg; path = turtlerock.jpg; sourceTree = "<group>"; };
		C9BC1F7B239789D20097E78F /* stmarylake.jpg */ = {isa = PBXFileReference; lastKnownFileType = image.jpeg; path = stmarylake.jpg; sourceTree = "<group>"; };
		C9BC1F7C239789D20097E78F /* hiddenlake.jpg */ = {isa = PBXFileReference; lastKnownFileType = image.jpeg; path = hiddenlake.jpg; sourceTree = "<group>"; };
		C9BC1F7D239789D20097E78F /* icybay.jpg */ = {isa = PBXFileReference; lastKnownFileType = image.jpeg; path = icybay.jpg; sourceTree = "<group>"; };
		C9BC1F7E239789D20097E78F /* silversalmoncreek.jpg */ = {isa = PBXFileReference; lastKnownFileType = image.jpeg; path = silversalmoncreek.jpg; sourceTree = "<group>"; };
		C9BC1F7F239789D20097E78F /* umbagog.jpg */ = {isa = PBXFileReference; lastKnownFileType = image.jpeg; path = umbagog.jpg; sourceTree = "<group>"; };
		C9BC1F80239789D20097E78F /* landmarkData.json */ = {isa = PBXFileReference; explicitFileType = text.json; fileEncoding = 4; path = landmarkData.json; sourceTree = "<group>"; };
		C9BC1F81239789D20097E78F /* yukon_charleyrivers.jpg */ = {isa = PBXFileReference; lastKnownFileType = image.jpeg; path = yukon_charleyrivers.jpg; sourceTree = "<group>"; };
		C9BC1F8F23978A3D0097E78F /* LandmarkList.swift */ = {isa = PBXFileReference; explicitFileType = sourcecode.swift; fileEncoding = 4; path = LandmarkList.swift; sourceTree = "<group>"; };
/* End PBXFileReference section */

/* Begin PBXFrameworksBuildPhase section */
		C9BC1F262397774B0097E78F /* Frameworks */ = {
			isa = PBXFrameworksBuildPhase;
			buildActionMask = 2147483647;
			files = (
			);
			runOnlyForDeploymentPostprocessing = 0;
		};
		C9BC1F3C239777510097E78F /* Frameworks */ = {
			isa = PBXFrameworksBuildPhase;
			buildActionMask = 2147483647;
			files = (
			);
			runOnlyForDeploymentPostprocessing = 0;
		};
		C9BC1F47239777510097E78F /* Frameworks */ = {
			isa = PBXFrameworksBuildPhase;
			buildActionMask = 2147483647;
			files = (
			);
			runOnlyForDeploymentPostprocessing = 0;
		};
/* End PBXFrameworksBuildPhase section */

/* Begin PBXGroup section */
		C9BC1F202397774B0097E78F = {
			isa = PBXGroup;
			children = (
				C9BC1F2B2397774B0097E78F /* Landmarks */,
				C9BC1F42239777510097E78F /* LandmarksTests */,
				C9BC1F4D239777510097E78F /* LandmarksUITests */,
				C9BC1F2A2397774B0097E78F /* Products */,
			);
			sourceTree = "<group>";
		};
		C9BC1F2A2397774B0097E78F /* Products */ = {
			isa = PBXGroup;
			children = (
				C9BC1F292397774B0097E78F /* Landmarks.app */,
				C9BC1F3F239777510097E78F /* LandmarksTests.xctest */,
				C9BC1F4A239777510097E78F /* LandmarksUITests.xctest */,
			);
			name = Products;
			sourceTree = "<group>";
		};
		C9BC1F2B2397774B0097E78F /* Landmarks */ = {
			isa = PBXGroup;
			children = (
				C9BC1F2C2397774B0097E78F /* AppDelegate.swift */,
				C9BC1F32239777510097E78F /* Assets.xcassets */,
				C9BC1F3A239777510097E78F /* Info.plist */,
				C9BC1F652397831B0097E78F /* LandmarkDetail.swift */,
				C9BC1F8F23978A3D0097E78F /* LandmarkList.swift */,
				C9BC1F69239787900097E78F /* Models */,
				C9BC1F34239777510097E78F /* Preview Content */,
				C9BC1F622397822B0097E78F /* Resources */,
				C9BC1F2E2397774B0097E78F /* SceneDelegate.swift */,
				C9BC1F6C239788240097E78F /* Supporting Views */,
			);
			path = Landmarks;
			sourceTree = "<group>";
		};
		C9BC1F34239777510097E78F /* Preview Content */ = {
			isa = PBXGroup;
			children = (
				C9BC1F35239777510097E78F /* Preview Assets.xcassets */,
			);
			path = "Preview Content";
			sourceTree = "<group>";
		};
		C9BC1F42239777510097E78F /* LandmarksTests */ = {
			isa = PBXGroup;
			children = (
				C9BC1F43239777510097E78F /* LandmarksTests.swift */,
				C9BC1F45239777510097E78F /* Info.plist */,
			);
			path = LandmarksTests;
			sourceTree = "<group>";
		};
		C9BC1F4D239777510097E78F /* LandmarksUITests */ = {
			isa = PBXGroup;
			children = (
				C9BC1F4E239777510097E78F /* LandmarksUITests.swift */,
				C9BC1F50239777510097E78F /* Info.plist */,
			);
			path = LandmarksUITests;
			sourceTree = "<group>";
		};
		C9BC1F622397822B0097E78F /* Resources */ = {
			isa = PBXGroup;
			children = (
				C9BC1F76239789D20097E78F /* chilkoottrail.jpg */,
				C9BC1F79239789D20097E78F /* chincoteague.jpg */,
				C9BC1F7C239789D20097E78F /* hiddenlake.jpg */,
				C9BC1F7D239789D20097E78F /* icybay.jpg */,
				C9BC1F77239789D20097E78F /* lakemcdonald.jpg */,
				C9BC1F80239789D20097E78F /* landmarkData.json */,
				C9BC1F75239789D20097E78F /* rainbowlake.jpg */,
				C9BC1F7E239789D20097E78F /* silversalmoncreek.jpg */,
				C9BC1F7B239789D20097E78F /* stmarylake.jpg */,
				C9BC1F7A239789D20097E78F /* turtlerock.jpg */,
				C9BC1F78239789D20097E78F /* twinlake.jpg */,
				C9BC1F7F239789D20097E78F /* umbagog.jpg */,
				C9BC1F81239789D20097E78F /* yukon_charleyrivers.jpg */,
			);
			path = Resources;
			sourceTree = "<group>";
		};
		C9BC1F69239787900097E78F /* Models */ = {
			isa = PBXGroup;
			children = (
				C9BC1F6A239787B40097E78F /* Data.swift */,
				C9BC1F60239781C30097E78F /* Landmark.swift */,
			);
			path = Models;
			sourceTree = "<group>";
		};
		C9BC1F6C239788240097E78F /* Supporting Views */ = {
			isa = PBXGroup;
			children = (
				C9BC1F71239789B80097E78F /* CircleImage.swift */,
				C9BC1F6F239789B70097E78F /* LandmarkRow.swift */,
				C9BC1F70239789B80097E78F /* MapView.swift */,
			);
			path = "Supporting Views";
			sourceTree = "<group>";
		};
/* End PBXGroup section */

/* Begin PBXNativeTarget section */
		C9BC1F282397774B0097E78F /* Landmarks */ = {
			isa = PBXNativeTarget;
			buildConfigurationList = C9BC1F53239777510097E78F /* Build configuration list for PBXNativeTarget "Landmarks" */;
			buildPhases = (
				C9BC1F252397774B0097E78F /* Sources */,
				C9BC1F262397774B0097E78F /* Frameworks */,
				C9BC1F272397774B0097E78F /* Resources */,
			);
			buildRules = (
			);
			dependencies = (
			);
			name = Landmarks;
			productName = Landmarks;
			productReference = C9BC1F292397774B0097E78F /* Landmarks.app */;
			productType = "com.apple.product-type.application";
		};
		C9BC1F3E239777510097E78F /* LandmarksTests */ = {
			isa = PBXNativeTarget;
			buildConfigurationList = C9BC1F56239777510097E78F /* Build configuration list for PBXNativeTarget "LandmarksTests" */;
			buildPhases = (
				C9BC1F3B239777510097E78F /* Sources */,
				C9BC1F3C239777510097E78F /* Frameworks */,
				C9BC1F3D239777510097E78F /* Resources */,
			);
			buildRules = (
			);
			dependencies = (
				C9BC1F41239777510097E78F /* PBXTargetDependency */,
			);
			name = LandmarksTests;
			productName = LandmarksTests;
			productReference = C9BC1F3F239777510097E78F /* LandmarksTests.xctest */;
			productType = "com.apple.product-type.bundle.unit-test";
		};
		C9BC1F49239777510097E78F /* LandmarksUITests */ = {
			isa = PBXNativeTarget;
			buildConfigurationList = C9BC1F59239777510097E78F /* Build configuration list for PBXNativeTarget "LandmarksUITests" */;
			buildPhases = (
				C9BC1F46239777510097E78F /* Sources */,
				C9BC1F47239777510097E78F /* Frameworks */,
				C9BC1F48239777510097E78F /* Resources */,
			);
			buildRules = (
			);
			dependencies = (
				C9BC1F4C239777510097E78F /* PBXTargetDependency */,
			);
			name = LandmarksUITests;
			productName = LandmarksUITests;
			productReference = C9BC1F4A239777510097E78F /* LandmarksUITests.xctest */;
			productType = "com.apple.product-type.bundle.ui-testing";
		};
/* End PBXNativeTarget section */

/* Begin PBXProject section */
		C9BC1F212397774B0097E78F /* Project object */ = {
			isa = PBXProject;
			attributes = {
				LastSwiftUpdateCheck = 1120;
				LastUpgradeCheck = 1120;
				ORGANIZATIONNAME = "Eric Mey";
				TargetAttributes = {
					C9BC1F282397774B0097E78F = {
						CreatedOnToolsVersion = 11.2.1;
					};
					C9BC1F3E239777510097E78F = {
						CreatedOnToolsVersion = 11.2.1;
						TestTargetID = C9BC1F282397774B0097E78F;
					};
					C9BC1F49239777510097E78F = {
						CreatedOnToolsVersion = 11.2.1;
						TestTargetID = C9BC1F282397774B0097E78F;
					};
				};
			};
			buildConfigurationList = C9BC1F242397774B0097E78F /* Build configuration list for PBXProject "Landmarks" */;
			compatibilityVersion = "Xcode 9.3";
			developmentRegion = en;
			hasScannedForEncodings = 0;
			knownRegions = (
				en,
				Base,
			);
			mainGroup = C9BC1F202397774B0097E78F;
			productRefGroup = C9BC1F2A2397774B0097E78F /* Products */;
			projectDirPath = "";
			projectRoot = "";
			targets = (
				C9BC1F282397774B0097E78F /* Landmarks */,
				C9BC1F3E239777510097E78F /* LandmarksTests */,
				C9BC1F49239777510097E78F /* LandmarksUITests */,
			);
		};
/* End PBXProject section */

/* Begin PBXResourcesBuildPhase section */
		C9BC1F272397774B0097E78F /* Resources */ = {
			isa = PBXResourcesBuildPhase;
			buildActionMask = 2147483647;
			files = (
				C9BC1F8B239789D30097E78F /* silversalmoncreek.jpg in Resources */,
				C9BC1F84239789D30097E78F /* lakemcdonald.jpg in Resources */,
				C9BC1F8C239789D30097E78F /* umbagog.jpg in Resources */,
				C9BC1F87239789D30097E78F /* turtlerock.jpg in Resources */,
				C9BC1F82239789D30097E78F /* rainbowlake.jpg in Resources */,
				C9BC1F36239777510097E78F /* Preview Assets.xcassets in Resources */,
				C9BC1F89239789D30097E78F /* hiddenlake.jpg in Resources */,
				C9BC1F8D239789D30097E78F /* landmarkData.json in Resources */,
				C9BC1F85239789D30097E78F /* twinlake.jpg in Resources */,
				C9BC1F88239789D30097E78F /* stmarylake.jpg in Resources */,
				C9BC1F83239789D30097E78F /* chilkoottrail.jpg in Resources */,
				C9BC1F86239789D30097E78F /* chincoteague.jpg in Resources */,
				C9BC1F8A239789D30097E78F /* icybay.jpg in Resources */,
				C9BC1F8E239789D30097E78F /* yukon_charleyrivers.jpg in Resources */,
				C9BC1F33239777510097E78F /* Assets.xcassets in Resources */,
			);
			runOnlyForDeploymentPostprocessing = 0;
		};
		C9BC1F3D239777510097E78F /* Resources */ = {
			isa = PBXResourcesBuildPhase;
			buildActionMask = 2147483647;
			files = (
			);
			runOnlyForDeploymentPostprocessing = 0;
		};
		C9BC1F48239777510097E78F /* Resources */ = {
			isa = PBXResourcesBuildPhase;
			buildActionMask = 2147483647;
			files = (
			);
			runOnlyForDeploymentPostprocessing = 0;
		};
/* End PBXResourcesBuildPhase section */

/* Begin PBXSourcesBuildPhase section */
		C9BC1F252397774B0097E78F /* Sources */ = {
			isa = PBXSourcesBuildPhase;
			buildActionMask = 2147483647;
			files = (
				C9BC1F73239789B80097E78F /* MapView.swift in Sources */,
				C9BC1F74239789B80097E78F /* CircleImage.swift in Sources */,
				C9BC1F2D2397774B0097E78F /* AppDelegate.swift in Sources */,
				C9BC1F2F2397774B0097E78F /* SceneDelegate.swift in Sources */,
				C9BC1F9023978A3D0097E78F /* LandmarkList.swift in Sources */,
				C9BC1F72239789B80097E78F /* LandmarkRow.swift in Sources */,
				C9BC1F61239781C30097E78F /* Landmark.swift in Sources */,
				C9BC1F662397831B0097E78F /* LandmarkDetail.swift in Sources */,
				C9BC1F6B239787B40097E78F /* Data.swift in Sources */,
			);
			runOnlyForDeploymentPostprocessing = 0;
		};
		C9BC1F3B239777510097E78F /* Sources */ = {
			isa = PBXSourcesBuildPhase;
			buildActionMask = 2147483647;
			files = (
				C9BC1F44239777510097E78F /* LandmarksTests.swift in Sources */,
			);
			runOnlyForDeploymentPostprocessing = 0;
		};
		C9BC1F46239777510097E78F /* Sources */ = {
			isa = PBXSourcesBuildPhase;
			buildActionMask = 2147483647;
			files = (
				C9BC1F4F239777510097E78F /* LandmarksUITests.swift in Sources */,
			);
			runOnlyForDeploymentPostprocessing = 0;
		};
/* End PBXSourcesBuildPhase section */

/* Begin PBXTargetDependency section */
		C9BC1F41239777510097E78F /* PBXTargetDependency */ = {
			isa = PBXTargetDependency;
			target = C9BC1F282397774B0097E78F /* Landmarks */;
			targetProxy = C9BC1F40239777510097E78F /* PBXContainerItemProxy */;
		};
		C9BC1F4C239777510097E78F /* PBXTargetDependency */ = {
			isa = PBXTargetDependency;
			target = C9BC1F282397774B0097E78F /* Landmarks */;
			targetProxy = C9BC1F4B239777510097E78F /* PBXContainerItemProxy */;
		};
/* End PBXTargetDependency section */

/* Begin XCBuildConfiguration section */
		C9BC1F51239777510097E78F /* Debug */ = {
			isa = XCBuildConfiguration;
			buildSettings = {
				ALWAYS_SEARCH_USER_PATHS = NO;
				CLANG_ANALYZER_NONNULL = YES;
				CLANG_ANALYZER_NUMBER_OBJECT_CONVERSION = YES_AGGRESSIVE;
				CLANG_CXX_LANGUAGE_STANDARD = "gnu++14";
				CLANG_CXX_LIBRARY = "libc++";
				CLANG_ENABLE_MODULES = YES;
				CLANG_ENABLE_OBJC_ARC = YES;
				CLANG_ENABLE_OBJC_WEAK = YES;
				CLANG_WARN_BLOCK_CAPTURE_AUTORELEASING = YES;
				CLANG_WARN_BOOL_CONVERSION = YES;
				CLANG_WARN_COMMA = YES;
				CLANG_WARN_CONSTANT_CONVERSION = YES;
				CLANG_WARN_DEPRECATED_OBJC_IMPLEMENTATIONS = YES;
				CLANG_WARN_DIRECT_OBJC_ISA_USAGE = YES_ERROR;
				CLANG_WARN_DOCUMENTATION_COMMENTS = YES;
				CLANG_WARN_EMPTY_BODY = YES;
				CLANG_WARN_ENUM_CONVERSION = YES;
				CLANG_WARN_INFINITE_RECURSION = YES;
				CLANG_WARN_INT_CONVERSION = YES;
				CLANG_WARN_NON_LITERAL_NULL_CONVERSION = YES;
				CLANG_WARN_OBJC_IMPLICIT_RETAIN_SELF = YES;
				CLANG_WARN_OBJC_LITERAL_CONVERSION = YES;
				CLANG_WARN_OBJC_ROOT_CLASS = YES_ERROR;
				CLANG_WARN_RANGE_LOOP_ANALYSIS = YES;
				CLANG_WARN_STRICT_PROTOTYPES = YES;
				CLANG_WARN_SUSPICIOUS_MOVE = YES;
				CLANG_WARN_UNGUARDED_AVAILABILITY = YES_AGGRESSIVE;
				CLANG_WARN_UNREACHABLE_CODE = YES;
				CLANG_WARN__DUPLICATE_METHOD_MATCH = YES;
				COPY_PHASE_STRIP = NO;
				DEBUG_INFORMATION_FORMAT = dwarf;
				ENABLE_STRICT_OBJC_MSGSEND = YES;
				ENABLE_TESTABILITY = YES;
				GCC_C_LANGUAGE_STANDARD = gnu11;
				GCC_DYNAMIC_NO_PIC = NO;
				GCC_NO_COMMON_BLOCKS = YES;
				GCC_OPTIMIZATION_LEVEL = 0;
				GCC_PREPROCESSOR_DEFINITIONS = (
					"DEBUG=1",
					"$(inherited)",
				);
				GCC_WARN_64_TO_32_BIT_CONVERSION = YES;
				GCC_WARN_ABOUT_RETURN_TYPE = YES_ERROR;
				GCC_WARN_UNDECLARED_SELECTOR = YES;
				GCC_WARN_UNINITIALIZED_AUTOS = YES_AGGRESSIVE;
				GCC_WARN_UNUSED_FUNCTION = YES;
				GCC_WARN_UNUSED_VARIABLE = YES;
				IPHONEOS_DEPLOYMENT_TARGET = 13.2;
				MTL_ENABLE_DEBUG_INFO = INCLUDE_SOURCE;
				MTL_FAST_MATH = YES;
				ONLY_ACTIVE_ARCH = YES;
				SDKROOT = iphoneos;
				SWIFT_ACTIVE_COMPILATION_CONDITIONS = DEBUG;
				SWIFT_OPTIMIZATION_LEVEL = "-Onone";
			};
			name = Debug;
		};
		C9BC1F52239777510097E78F /* Release */ = {
			isa = XCBuildConfiguration;
			buildSettings = {
				ALWAYS_SEARCH_USER_PATHS = NO;
				CLANG_ANALYZER_NONNULL = YES;
				CLANG_ANALYZER_NUMBER_OBJECT_CONVERSION = YES_AGGRESSIVE;
				CLANG_CXX_LANGUAGE_STANDARD = "gnu++14";
				CLANG_CXX_LIBRARY = "libc++";
				CLANG_ENABLE_MODULES = YES;
				CLANG_ENABLE_OBJC_ARC = YES;
				CLANG_ENABLE_OBJC_WEAK = YES;
				CLANG_WARN_BLOCK_CAPTURE_AUTORELEASING = YES;
				CLANG_WARN_BOOL_CONVERSION = YES;
				CLANG_WARN_COMMA = YES;
				CLANG_WARN_CONSTANT_CONVERSION = YES;
				CLANG_WARN_DEPRECATED_OBJC_IMPLEMENTATIONS = YES;
				CLANG_WARN_DIRECT_OBJC_ISA_USAGE = YES_ERROR;
				CLANG_WARN_DOCUMENTATION_COMMENTS = YES;
				CLANG_WARN_EMPTY_BODY = YES;
				CLANG_WARN_ENUM_CONVERSION = YES;
				CLANG_WARN_INFINITE_RECURSION = YES;
				CLANG_WARN_INT_CONVERSION = YES;
				CLANG_WARN_NON_LITERAL_NULL_CONVERSION = YES;
				CLANG_WARN_OBJC_IMPLICIT_RETAIN_SELF = YES;
				CLANG_WARN_OBJC_LITERAL_CONVERSION = YES;
				CLANG_WARN_OBJC_ROOT_CLASS = YES_ERROR;
				CLANG_WARN_RANGE_LOOP_ANALYSIS = YES;
				CLANG_WARN_STRICT_PROTOTYPES = YES;
				CLANG_WARN_SUSPICIOUS_MOVE = YES;
				CLANG_WARN_UNGUARDED_AVAILABILITY = YES_AGGRESSIVE;
				CLANG_WARN_UNREACHABLE_CODE = YES;
				CLANG_WARN__DUPLICATE_METHOD_MATCH = YES;
				COPY_PHASE_STRIP = NO;
				DEBUG_INFORMATION_FORMAT = "dwarf-with-dsym";
				ENABLE_NS_ASSERTIONS = NO;
				ENABLE_STRICT_OBJC_MSGSEND = YES;
				GCC_C_LANGUAGE_STANDARD = gnu11;
				GCC_NO_COMMON_BLOCKS = YES;
				GCC_WARN_64_TO_32_BIT_CONVERSION = YES;
				GCC_WARN_ABOUT_RETURN_TYPE = YES_ERROR;
				GCC_WARN_UNDECLARED_SELECTOR = YES;
				GCC_WARN_UNINITIALIZED_AUTOS = YES_AGGRESSIVE;
				GCC_WARN_UNUSED_FUNCTION = YES;
				GCC_WARN_UNUSED_VARIABLE = YES;
				IPHONEOS_DEPLOYMENT_TARGET = 13.2;
				MTL_ENABLE_DEBUG_INFO = NO;
				MTL_FAST_MATH = YES;
				SDKROOT = iphoneos;
				SWIFT_COMPILATION_MODE = wholemodule;
				SWIFT_OPTIMIZATION_LEVEL = "-O";
				VALIDATE_PRODUCT = YES;
			};
			name = Release;
		};
		C9BC1F54239777510097E78F /* Debug */ = {
			isa = XCBuildConfiguration;
			buildSettings = {
				ASSETCATALOG_COMPILER_APPICON_NAME = AppIcon;
				CODE_SIGN_STYLE = Automatic;
				DEVELOPMENT_ASSET_PATHS = "\"Landmarks/Preview Content\"";
				ENABLE_PREVIEWS = YES;
				INFOPLIST_FILE = Landmarks/Info.plist;
				LD_RUNPATH_SEARCH_PATHS = (
					"$(inherited)",
					"@executable_path/Frameworks",
				);
				PRODUCT_BUNDLE_IDENTIFIER = com.ericmey.Landmarks;
				PRODUCT_NAME = "$(TARGET_NAME)";
				SWIFT_VERSION = 5.0;
				TARGETED_DEVICE_FAMILY = "1,2";
			};
			name = Debug;
		};
		C9BC1F55239777510097E78F /* Release */ = {
			isa = XCBuildConfiguration;
			buildSettings = {
				ASSETCATALOG_COMPILER_APPICON_NAME = AppIcon;
				CODE_SIGN_STYLE = Automatic;
				DEVELOPMENT_ASSET_PATHS = "\"Landmarks/Preview Content\"";
				ENABLE_PREVIEWS = YES;
				INFOPLIST_FILE = Landmarks/Info.plist;
				LD_RUNPATH_SEARCH_PATHS = (
					"$(inherited)",
					"@executable_path/Frameworks",
				);
				PRODUCT_BUNDLE_IDENTIFIER = com.ericmey.Landmarks;
				PRODUCT_NAME = "$(TARGET_NAME)";
				SWIFT_VERSION = 5.0;
				TARGETED_DEVICE_FAMILY = "1,2";
			};
			name = Release;
		};
		C9BC1F57239777510097E78F /* Debug */ = {
			isa = XCBuildConfiguration;
			buildSettings = {
				ALWAYS_EMBED_SWIFT_STANDARD_LIBRARIES = YES;
				BUNDLE_LOADER = "$(TEST_HOST)";
				CODE_SIGN_STYLE = Automatic;
				INFOPLIST_FILE = LandmarksTests/Info.plist;
				IPHONEOS_DEPLOYMENT_TARGET = 13.2;
				LD_RUNPATH_SEARCH_PATHS = (
					"$(inherited)",
					"@executable_path/Frameworks",
					"@loader_path/Frameworks",
				);
				PRODUCT_BUNDLE_IDENTIFIER = com.ericmey.LandmarksTests;
				PRODUCT_NAME = "$(TARGET_NAME)";
				SWIFT_VERSION = 5.0;
				TARGETED_DEVICE_FAMILY = "1,2";
				TEST_HOST = "$(BUILT_PRODUCTS_DIR)/Landmarks.app/Landmarks";
			};
			name = Debug;
		};
		C9BC1F58239777510097E78F /* Release */ = {
			isa = XCBuildConfiguration;
			buildSettings = {
				ALWAYS_EMBED_SWIFT_STANDARD_LIBRARIES = YES;
				BUNDLE_LOADER = "$(TEST_HOST)";
				CODE_SIGN_STYLE = Automatic;
				INFOPLIST_FILE = LandmarksTests/Info.plist;
				IPHONEOS_DEPLOYMENT_TARGET = 13.2;
				LD_RUNPATH_SEARCH_PATHS = (
					"$(inherited)",
					"@executable_path/Frameworks",
					"@loader_path/Frameworks",
				);
				PRODUCT_BUNDLE_IDENTIFIER = com.ericmey.LandmarksTests;
				PRODUCT_NAME = "$(TARGET_NAME)";
				SWIFT_VERSION = 5.0;
				TARGETED_DEVICE_FAMILY = "1,2";
				TEST_HOST = "$(BUILT_PRODUCTS_DIR)/Landmarks.app/Landmarks";
			};
			name = Release;
		};
		C9BC1F5A239777510097E78F /* Debug */ = {
			isa = XCBuildConfiguration;
			buildSettings = {
				ALWAYS_EMBED_SWIFT_STANDARD_LIBRARIES = YES;
				CODE_SIGN_STYLE = Automatic;
				INFOPLIST_FILE = LandmarksUITests/Info.plist;
				LD_RUNPATH_SEARCH_PATHS = (
					"$(inherited)",
					"@executable_path/Frameworks",
					"@loader_path/Frameworks",
				);
				PRODUCT_BUNDLE_IDENTIFIER = com.ericmey.LandmarksUITests;
				PRODUCT_NAME = "$(TARGET_NAME)";
				SWIFT_VERSION = 5.0;
				TARGETED_DEVICE_FAMILY = "1,2";
				TEST_TARGET_NAME = Landmarks;
			};
			name = Debug;
		};
		C9BC1F5B239777510097E78F /* Release */ = {
			isa = XCBuildConfiguration;
			buildSettings = {
				ALWAYS_EMBED_SWIFT_STANDARD_LIBRARIES = YES;
				CODE_SIGN_STYLE = Automatic;
				INFOPLIST_FILE = LandmarksUITests/Info.plist;
				LD_RUNPATH_SEARCH_PATHS = (
					"$(inherited)",
					"@executable_path/Frameworks",
					"@loader_path/Frameworks",
				);
				PRODUCT_BUNDLE_IDENTIFIER = com.ericmey.LandmarksUITests;
				PRODUCT_NAME = "$(TARGET_NAME)";
				SWIFT_VERSION = 5.0;
				TARGETED_DEVICE_FAMILY = "1,2";
				TEST_TARGET_NAME = Landmarks;
			};
			name = Release;
		};
/* End XCBuildConfiguration section */

/* Begin XCConfigurationList section */
		C9BC1F242397774B0097E78F /* Build configuration list for PBXProject "Landmarks" */ = {
			isa = XCConfigurationList;
			buildConfigurations = (
				C9BC1F51239777510097E78F /* Debug */,
				C9BC1F52239777510097E78F /* Release */,
			);
			defaultConfigurationIsVisible = 0;
			defaultConfigurationName = Release;
		};
		C9BC1F53239777510097E78F /* Build configuration list for PBXNativeTarget "Landmarks" */ = {
			isa = XCConfigurationList;
			buildConfigurations = (
				C9BC1F54239777510097E78F /* Debug */,
				C9BC1F55239777510097E78F /* Release */,
			);
			defaultConfigurationIsVisible = 0;
			defaultConfigurationName = Release;
		};
		C9BC1F56239777510097E78F /* Build configuration list for PBXNativeTarget "LandmarksTests" */ = {
			isa = XCConfigurationList;
			buildConfigurations = (
				C9BC1F57239777510097E78F /* Debug */,
				C9BC1F58239777510097E78F /* Release */,
			);
			defaultConfigurationIsVisible = 0;
			defaultConfigurationName = Release;
		};
		C9BC1F59239777510097E78F /* Build configuration list for PBXNativeTarget "LandmarksUITests" */ = {
			isa = XCConfigurationList;
			buildConfigurations = (
				C9BC1F5A239777510097E78F /* Debug */,
				C9BC1F5B239777510097E78F /* Release */,
			);
			defaultConfigurationIsVisible = 0;
			defaultConfigurationName = Release;
		};
/* End XCConfigurationList section */
	};
	rootObject = C9BC1F212397774B0097E78F /* Project object */;
}
